
Microsoft Visual Studio Solution File, Format Version 12.00
# Visual Studio 14
VisualStudioVersion = 14.0.25420.1
MinimumVisualStudioVersion = 10.0.40219.1
Project("{FAE04EC0-301F-11D3-BF4B-00C04F79EFBC}") = "Insignia.Painel", "Insignia.Painel\Insignia.Painel.csproj", "{4766A539-3AC4-49E9-A674-8F2EBBC41E86}"
EndProject
Project("{FAE04EC0-301F-11D3-BF4B-00C04F79EFBC}") = "Insignia.DAO", "Insignia.DAO\Insignia.DAO.csproj", "{360149C7-07FE-47B9-B7A0-2B27B6BEDE2A}"
EndProject
Project("{FAE04EC0-301F-11D3-BF4B-00C04F79EFBC}") = "Insignia.Model", "Insignia.Model\Insignia.Model.csproj", "{0ED38AD7-6BB3-4F5C-95CF-7657218CD3FD}"
EndProject
Project("{FAE04EC0-301F-11D3-BF4B-00C04F79EFBC}") = "Insignia.Site", "Insignia.Site\Insignia.Site.csproj", "{19CECDFE-7F5C-48E6-AF5E-909A0B39E663}"
EndProject
Global
	GlobalSection(SolutionConfigurationPlatforms) = preSolution
		Debug|Any CPU = Debug|Any CPU
		Release|Any CPU = Release|Any CPU
	EndGlobalSection
	GlobalSection(ProjectConfigurationPlatforms) = postSolution
		{4766A539-3AC4-49E9-A674-8F2EBBC41E86}.Debug|Any CPU.ActiveCfg = Debug|Any CPU
		{4766A539-3AC4-49E9-A674-8F2EBBC41E86}.Debug|Any CPU.Build.0 = Debug|Any CPU
		{4766A539-3AC4-49E9-A674-8F2EBBC41E86}.Release|Any CPU.ActiveCfg = Release|Any CPU
		{4766A539-3AC4-49E9-A674-8F2EBBC41E86}.Release|Any CPU.Build.0 = Release|Any CPU
		{360149C7-07FE-47B9-B7A0-2B27B6BEDE2A}.Debug|Any CPU.ActiveCfg = Debug|Any CPU
		{360149C7-07FE-47B9-B7A0-2B27B6BEDE2A}.Debug|Any CPU.Build.0 = Debug|Any CPU
		{360149C7-07FE-47B9-B7A0-2B27B6BEDE2A}.Release|Any CPU.ActiveCfg = Release|Any CPU
		{360149C7-07FE-47B9-B7A0-2B27B6BEDE2A}.Release|Any CPU.Build.0 = Release|Any CPU
		{0ED38AD7-6BB3-4F5C-95CF-7657218CD3FD}.Debug|Any CPU.ActiveCfg = Debug|Any CPU
		{0ED38AD7-6BB3-4F5C-95CF-7657218CD3FD}.Debug|Any CPU.Build.0 = Debug|Any CPU
		{0ED38AD7-6BB3-4F5C-95CF-7657218CD3FD}.Release|Any CPU.ActiveCfg = Release|Any CPU
		{0ED38AD7-6BB3-4F5C-95CF-7657218CD3FD}.Release|Any CPU.Build.0 = Release|Any CPU
		{19CECDFE-7F5C-48E6-AF5E-909A0B39E663}.Debug|Any CPU.ActiveCfg = Debug|Any CPU
		{19CECDFE-7F5C-48E6-AF5E-909A0B39E663}.Debug|Any CPU.Build.0 = Debug|Any CPU
		{19CECDFE-7F5C-48E6-AF5E-909A0B39E663}.Release|Any CPU.ActiveCfg = Release|Any CPU
		{19CECDFE-7F5C-48E6-AF5E-909A0B39E663}.Release|Any CPU.Build.0 = Release|Any CPU
	EndGlobalSection
	GlobalSection(SolutionProperties) = preSolution
		HideSolutionNode = FALSE
	EndGlobalSection
EndGlobal
